
Microsoft Visual Studio Solution File, Format Version 12.00
# Visual Studio Version 17
VisualStudioVersion = 17.3.32901.215
MinimumVisualStudioVersion = 10.0.40219.1
Project("{9A19103F-16F7-4668-BE54-9A1E7A4F7556}") = "UniversityApiBackend", "UniversityApiBackend\UniversityApiBackend.csproj", "{DC70B36A-5A26-4E6B-8AFD-48F3F21E6574}"
EndProject
Project("{FAE04EC0-301F-11D3-BF4B-00C04F79EFBC}") = "LinqSnippets", "LinqSnippets\LinqSnippets.csproj", "{1D123814-1DB8-4105-B49C-AACE21F5EA2F}"
EndProject
Global
	GlobalSection(SolutionConfigurationPlatforms) = preSolution
		Debug|Any CPU = Debug|Any CPU
		Release|Any CPU = Release|Any CPU
	EndGlobalSection
	GlobalSection(ProjectConfigurationPlatforms) = postSolution
		{DC70B36A-5A26-4E6B-8AFD-48F3F21E6574}.Debug|Any CPU.ActiveCfg = Debug|Any CPU
		{DC70B36A-5A26-4E6B-8AFD-48F3F21E6574}.Debug|Any CPU.Build.0 = Debug|Any CPU
		{DC70B36A-5A26-4E6B-8AFD-48F3F21E6574}.Release|Any CPU.ActiveCfg = Release|Any CPU
		{DC70B36A-5A26-4E6B-8AFD-48F3F21E6574}.Release|Any CPU.Build.0 = Release|Any CPU
		{1D123814-1DB8-4105-B49C-AACE21F5EA2F}.Debug|Any CPU.ActiveCfg = Debug|Any CPU
		{1D123814-1DB8-4105-B49C-AACE21F5EA2F}.Debug|Any CPU.Build.0 = Debug|Any CPU
		{1D123814-1DB8-4105-B49C-AACE21F5EA2F}.Release|Any CPU.ActiveCfg = Release|Any CPU
		{1D123814-1DB8-4105-B49C-AACE21F5EA2F}.Release|Any CPU.Build.0 = Release|Any CPU
	EndGlobalSection
	GlobalSection(SolutionProperties) = preSolution
		HideSolutionNode = FALSE
	EndGlobalSection
	GlobalSection(ExtensibilityGlobals) = postSolution
		SolutionGuid = {054A1712-4688-4330-BE68-20CAB3BA1300}
	EndGlobalSection
EndGlobal
